
Microsoft Visual Studio Solution File, Format Version 12.00
Project("{FAE04EC0-301F-11D3-BF4B-00C04F79EFBC}") = "Persistence", "Persistence\Persistence.csproj", "{EAEB8ADD-FEEC-4752-B52C-43FBE5645DA0}"
EndProject
Project("{FAE04EC0-301F-11D3-BF4B-00C04F79EFBC}") = "Persistence.MongoDB.Tests", "Persistence.MongoDB.Tests\Persistence.MongoDB.Tests.csproj", "{F3C54668-4632-4EF4-A036-D180B2FC619A}"
EndProject
Project("{FAE04EC0-301F-11D3-BF4B-00C04F79EFBC}") = "Persistence.MongoDB", "Persistence.MongoDB\Persistence.MongoDB.csproj", "{E7FC8D3A-4B64-4C41-9DD0-1DA1F08A3866}"
EndProject
Project("{FAE04EC0-301F-11D3-BF4B-00C04F79EFBC}") = "Common", "Common\Common.csproj", "{26E6A10F-D04E-4FD4-AC2B-73BB3ABCF215}"
EndProject
Project("{FAE04EC0-301F-11D3-BF4B-00C04F79EFBC}") = "Common.Tests", "Common.Tests\Common.Tests.csproj", "{CC5EF486-C1CE-4FAA-BDD6-DD90943CD5B8}"
EndProject
Global
	GlobalSection(SolutionConfigurationPlatforms) = preSolution
		Debug|Any CPU = Debug|Any CPU
		Release|Any CPU = Release|Any CPU
	EndGlobalSection
	GlobalSection(ProjectConfigurationPlatforms) = postSolution
		{EAEB8ADD-FEEC-4752-B52C-43FBE5645DA0}.Debug|Any CPU.ActiveCfg = Debug|Any CPU
		{EAEB8ADD-FEEC-4752-B52C-43FBE5645DA0}.Debug|Any CPU.Build.0 = Debug|Any CPU
		{EAEB8ADD-FEEC-4752-B52C-43FBE5645DA0}.Release|Any CPU.ActiveCfg = Release|Any CPU
		{EAEB8ADD-FEEC-4752-B52C-43FBE5645DA0}.Release|Any CPU.Build.0 = Release|Any CPU
		{F3C54668-4632-4EF4-A036-D180B2FC619A}.Debug|Any CPU.ActiveCfg = Debug|Any CPU
		{F3C54668-4632-4EF4-A036-D180B2FC619A}.Debug|Any CPU.Build.0 = Debug|Any CPU
		{F3C54668-4632-4EF4-A036-D180B2FC619A}.Release|Any CPU.ActiveCfg = Release|Any CPU
		{F3C54668-4632-4EF4-A036-D180B2FC619A}.Release|Any CPU.Build.0 = Release|Any CPU
		{E7FC8D3A-4B64-4C41-9DD0-1DA1F08A3866}.Debug|Any CPU.ActiveCfg = Debug|Any CPU
		{E7FC8D3A-4B64-4C41-9DD0-1DA1F08A3866}.Debug|Any CPU.Build.0 = Debug|Any CPU
		{E7FC8D3A-4B64-4C41-9DD0-1DA1F08A3866}.Release|Any CPU.ActiveCfg = Release|Any CPU
		{E7FC8D3A-4B64-4C41-9DD0-1DA1F08A3866}.Release|Any CPU.Build.0 = Release|Any CPU
		{26E6A10F-D04E-4FD4-AC2B-73BB3ABCF215}.Debug|Any CPU.ActiveCfg = Debug|Any CPU
		{26E6A10F-D04E-4FD4-AC2B-73BB3ABCF215}.Debug|Any CPU.Build.0 = Debug|Any CPU
		{26E6A10F-D04E-4FD4-AC2B-73BB3ABCF215}.Release|Any CPU.ActiveCfg = Release|Any CPU
		{26E6A10F-D04E-4FD4-AC2B-73BB3ABCF215}.Release|Any CPU.Build.0 = Release|Any CPU
		{CC5EF486-C1CE-4FAA-BDD6-DD90943CD5B8}.Debug|Any CPU.ActiveCfg = Debug|Any CPU
		{CC5EF486-C1CE-4FAA-BDD6-DD90943CD5B8}.Debug|Any CPU.Build.0 = Debug|Any CPU
		{CC5EF486-C1CE-4FAA-BDD6-DD90943CD5B8}.Release|Any CPU.ActiveCfg = Release|Any CPU
		{CC5EF486-C1CE-4FAA-BDD6-DD90943CD5B8}.Release|Any CPU.Build.0 = Release|Any CPU
	EndGlobalSection
EndGlobal
