
Microsoft Visual Studio Solution File, Format Version 12.00
Project("{FAE04EC0-301F-11D3-BF4B-00C04F79EFBC}") = "TPP.Persistence", "TPP.Persistence\TPP.Persistence.csproj", "{EAEB8ADD-FEEC-4752-B52C-43FBE5645DA0}"
EndProject
Project("{FAE04EC0-301F-11D3-BF4B-00C04F79EFBC}") = "TPP.Persistence.MongoDB.Tests", "TPP.Persistence.MongoDB.Tests\TPP.Persistence.MongoDB.Tests.csproj", "{F3C54668-4632-4EF4-A036-D180B2FC619A}"
EndProject
Project("{FAE04EC0-301F-11D3-BF4B-00C04F79EFBC}") = "TPP.Persistence.MongoDB", "TPP.Persistence.MongoDB\TPP.Persistence.MongoDB.csproj", "{E7FC8D3A-4B64-4C41-9DD0-1DA1F08A3866}"
EndProject
Project("{FAE04EC0-301F-11D3-BF4B-00C04F79EFBC}") = "TPP.Common", "TPP.Common\TPP.Common.csproj", "{26E6A10F-D04E-4FD4-AC2B-73BB3ABCF215}"
EndProject
Project("{FAE04EC0-301F-11D3-BF4B-00C04F79EFBC}") = "TPP.Common.Tests", "TPP.Common.Tests\TPP.Common.Tests.csproj", "{CC5EF486-C1CE-4FAA-BDD6-DD90943CD5B8}"
EndProject
Project("{FAE04EC0-301F-11D3-BF4B-00C04F79EFBC}") = "TPP.ArgsParsing", "TPP.ArgsParsing\TPP.ArgsParsing.csproj", "{D4FEF9A5-327E-4305-9790-FA0B0ABCAA37}"
EndProject
Project("{FAE04EC0-301F-11D3-BF4B-00C04F79EFBC}") = "TPP.ArgsParsing.Tests", "TPP.ArgsParsing.Tests\TPP.ArgsParsing.Tests.csproj", "{7ECD9706-01AD-4CD1-895B-A2BBD192AEE4}"
EndProject
Project("{FAE04EC0-301F-11D3-BF4B-00C04F79EFBC}") = "TPP.Core", "TPP.Core\TPP.Core.csproj", "{49841A70-3AC3-438E-BB8D-71F0BE5BE7C9}"
EndProject
Project("{FAE04EC0-301F-11D3-BF4B-00C04F79EFBC}") = "TPP.Core.Tests", "TPP.Core.Tests\TPP.Core.Tests.csproj", "{E91B0BD1-B30E-415D-B3ED-72BF69E15B35}"
EndProject
Project("{FAE04EC0-301F-11D3-BF4B-00C04F79EFBC}") = "TPP.Inputting", "TPP.Inputting\TPP.Inputting.csproj", "{CA690D5F-430D-435A-9773-5149B2495321}"
EndProject
Project("{FAE04EC0-301F-11D3-BF4B-00C04F79EFBC}") = "TPP.Inputting.Tests", "TPP.Inputting.Tests\TPP.Inputting.Tests.csproj", "{21D41DA5-4DBF-47C6-B1B0-DD326B8974B9}"
EndProject
Project("{FAE04EC0-301F-11D3-BF4B-00C04F79EFBC}") = "TPP.Match", "TPP.Match\TPP.Match.csproj", "{056380E9-BA67-48B2-B9B5-AC432586FFD4}"
EndProject
Project("{FAE04EC0-301F-11D3-BF4B-00C04F79EFBC}") = "TPP.Match.Tests", "TPP.Match.Tests\TPP.Match.Tests.csproj", "{4450DC0C-0C09-4928-A93E-9104545123B1}"
EndProject
Global
	GlobalSection(SolutionConfigurationPlatforms) = preSolution
		Debug|Any CPU = Debug|Any CPU
		Release|Any CPU = Release|Any CPU
	EndGlobalSection
	GlobalSection(ProjectConfigurationPlatforms) = postSolution
		{EAEB8ADD-FEEC-4752-B52C-43FBE5645DA0}.Debug|Any CPU.ActiveCfg = Debug|Any CPU
		{EAEB8ADD-FEEC-4752-B52C-43FBE5645DA0}.Debug|Any CPU.Build.0 = Debug|Any CPU
		{EAEB8ADD-FEEC-4752-B52C-43FBE5645DA0}.Release|Any CPU.ActiveCfg = Release|Any CPU
		{EAEB8ADD-FEEC-4752-B52C-43FBE5645DA0}.Release|Any CPU.Build.0 = Release|Any CPU
		{F3C54668-4632-4EF4-A036-D180B2FC619A}.Debug|Any CPU.ActiveCfg = Debug|Any CPU
		{F3C54668-4632-4EF4-A036-D180B2FC619A}.Debug|Any CPU.Build.0 = Debug|Any CPU
		{F3C54668-4632-4EF4-A036-D180B2FC619A}.Release|Any CPU.ActiveCfg = Release|Any CPU
		{F3C54668-4632-4EF4-A036-D180B2FC619A}.Release|Any CPU.Build.0 = Release|Any CPU
		{E7FC8D3A-4B64-4C41-9DD0-1DA1F08A3866}.Debug|Any CPU.ActiveCfg = Debug|Any CPU
		{E7FC8D3A-4B64-4C41-9DD0-1DA1F08A3866}.Debug|Any CPU.Build.0 = Debug|Any CPU
		{E7FC8D3A-4B64-4C41-9DD0-1DA1F08A3866}.Release|Any CPU.ActiveCfg = Release|Any CPU
		{E7FC8D3A-4B64-4C41-9DD0-1DA1F08A3866}.Release|Any CPU.Build.0 = Release|Any CPU
		{26E6A10F-D04E-4FD4-AC2B-73BB3ABCF215}.Debug|Any CPU.ActiveCfg = Debug|Any CPU
		{26E6A10F-D04E-4FD4-AC2B-73BB3ABCF215}.Debug|Any CPU.Build.0 = Debug|Any CPU
		{26E6A10F-D04E-4FD4-AC2B-73BB3ABCF215}.Release|Any CPU.ActiveCfg = Release|Any CPU
		{26E6A10F-D04E-4FD4-AC2B-73BB3ABCF215}.Release|Any CPU.Build.0 = Release|Any CPU
		{CC5EF486-C1CE-4FAA-BDD6-DD90943CD5B8}.Debug|Any CPU.ActiveCfg = Debug|Any CPU
		{CC5EF486-C1CE-4FAA-BDD6-DD90943CD5B8}.Debug|Any CPU.Build.0 = Debug|Any CPU
		{CC5EF486-C1CE-4FAA-BDD6-DD90943CD5B8}.Release|Any CPU.ActiveCfg = Release|Any CPU
		{CC5EF486-C1CE-4FAA-BDD6-DD90943CD5B8}.Release|Any CPU.Build.0 = Release|Any CPU
		{D4FEF9A5-327E-4305-9790-FA0B0ABCAA37}.Debug|Any CPU.ActiveCfg = Debug|Any CPU
		{D4FEF9A5-327E-4305-9790-FA0B0ABCAA37}.Debug|Any CPU.Build.0 = Debug|Any CPU
		{D4FEF9A5-327E-4305-9790-FA0B0ABCAA37}.Release|Any CPU.ActiveCfg = Release|Any CPU
		{D4FEF9A5-327E-4305-9790-FA0B0ABCAA37}.Release|Any CPU.Build.0 = Release|Any CPU
		{7ECD9706-01AD-4CD1-895B-A2BBD192AEE4}.Debug|Any CPU.ActiveCfg = Debug|Any CPU
		{7ECD9706-01AD-4CD1-895B-A2BBD192AEE4}.Debug|Any CPU.Build.0 = Debug|Any CPU
		{7ECD9706-01AD-4CD1-895B-A2BBD192AEE4}.Release|Any CPU.ActiveCfg = Release|Any CPU
		{7ECD9706-01AD-4CD1-895B-A2BBD192AEE4}.Release|Any CPU.Build.0 = Release|Any CPU
		{49841A70-3AC3-438E-BB8D-71F0BE5BE7C9}.Debug|Any CPU.ActiveCfg = Debug|Any CPU
		{49841A70-3AC3-438E-BB8D-71F0BE5BE7C9}.Debug|Any CPU.Build.0 = Debug|Any CPU
		{49841A70-3AC3-438E-BB8D-71F0BE5BE7C9}.Release|Any CPU.ActiveCfg = Release|Any CPU
		{49841A70-3AC3-438E-BB8D-71F0BE5BE7C9}.Release|Any CPU.Build.0 = Release|Any CPU
		{E91B0BD1-B30E-415D-B3ED-72BF69E15B35}.Debug|Any CPU.ActiveCfg = Debug|Any CPU
		{E91B0BD1-B30E-415D-B3ED-72BF69E15B35}.Debug|Any CPU.Build.0 = Debug|Any CPU
		{E91B0BD1-B30E-415D-B3ED-72BF69E15B35}.Release|Any CPU.ActiveCfg = Release|Any CPU
		{E91B0BD1-B30E-415D-B3ED-72BF69E15B35}.Release|Any CPU.Build.0 = Release|Any CPU
		{CA690D5F-430D-435A-9773-5149B2495321}.Debug|Any CPU.ActiveCfg = Debug|Any CPU
		{CA690D5F-430D-435A-9773-5149B2495321}.Debug|Any CPU.Build.0 = Debug|Any CPU
		{CA690D5F-430D-435A-9773-5149B2495321}.Release|Any CPU.ActiveCfg = Release|Any CPU
		{CA690D5F-430D-435A-9773-5149B2495321}.Release|Any CPU.Build.0 = Release|Any CPU
		{21D41DA5-4DBF-47C6-B1B0-DD326B8974B9}.Debug|Any CPU.ActiveCfg = Debug|Any CPU
		{21D41DA5-4DBF-47C6-B1B0-DD326B8974B9}.Debug|Any CPU.Build.0 = Debug|Any CPU
		{21D41DA5-4DBF-47C6-B1B0-DD326B8974B9}.Release|Any CPU.ActiveCfg = Release|Any CPU
		{21D41DA5-4DBF-47C6-B1B0-DD326B8974B9}.Release|Any CPU.Build.0 = Release|Any CPU
		{056380E9-BA67-48B2-B9B5-AC432586FFD4}.Debug|Any CPU.ActiveCfg = Debug|Any CPU
		{056380E9-BA67-48B2-B9B5-AC432586FFD4}.Debug|Any CPU.Build.0 = Debug|Any CPU
		{056380E9-BA67-48B2-B9B5-AC432586FFD4}.Release|Any CPU.ActiveCfg = Release|Any CPU
		{056380E9-BA67-48B2-B9B5-AC432586FFD4}.Release|Any CPU.Build.0 = Release|Any CPU
		{4450DC0C-0C09-4928-A93E-9104545123B1}.Debug|Any CPU.ActiveCfg = Debug|Any CPU
		{4450DC0C-0C09-4928-A93E-9104545123B1}.Debug|Any CPU.Build.0 = Debug|Any CPU
		{4450DC0C-0C09-4928-A93E-9104545123B1}.Release|Any CPU.ActiveCfg = Release|Any CPU
		{4450DC0C-0C09-4928-A93E-9104545123B1}.Release|Any CPU.Build.0 = Release|Any CPU
	EndGlobalSection
EndGlobal
