Microsoft Visual Studio Solution File, Format Version 12.00
# Visual Studio 15
VisualStudioVersion = 15.0.26730.8
MinimumVisualStudioVersion = 10.0.40219.1
Project("{2150E333-8FDC-42A3-9474-1A3956D46DE8}") = "src", "src", "{D8024CEB-AA9A-43AA-A221-F7A4C26C17DA}"
EndProject
Project("{9A19103F-16F7-4668-BE54-9A1E7A4F7556}") = "TPPCore.Service.Common", "src\TPPCore.Service.Common\TPPCore.Service.Common.csproj", "{BE22B0FD-E88D-4790-899E-6BCF73EEB4D7}"
EndProject
Project("{9A19103F-16F7-4668-BE54-9A1E7A4F7556}") = "TPPCore.Service.Example.Parrot", "src\TPPCore.Service.Example.Parrot\TPPCore.Service.Example.Parrot.csproj", "{96682DBA-ACD9-49D7-9868-7BA22ADB85B8}"
EndProject
Project("{2150E333-8FDC-42A3-9474-1A3956D46DE8}") = "test", "test", "{EE3DFBF9-43CF-419C-BC9F-C36364FC1C73}"
EndProject
Project("{9A19103F-16F7-4668-BE54-9A1E7A4F7556}") = "TPPCore.Service.Example.Parrot.Tests", "test\TPPCore.Service.Example.Parrot.Tests\TPPCore.Service.Example.Parrot.Tests.csproj", "{B680B261-7ECF-4276-B409-93AD0BEAD549}"
EndProject
Project("{9A19103F-16F7-4668-BE54-9A1E7A4F7556}") = "TPPCore.Utils", "src\TPPCore.Utils\TPPCore.Utils.csproj", "{842A7037-99F7-4AEE-A125-FDC12902940F}"
EndProject
Project("{9A19103F-16F7-4668-BE54-9A1E7A4F7556}") = "TPPCore.Utils.Tests", "test\TPPCore.Utils.Tests\TPPCore.Utils.Tests.csproj", "{6D667B15-D404-451E-95E0-6DAE22B4C32F}"
EndProject
Project("{9A19103F-16F7-4668-BE54-9A1E7A4F7556}") = "TPPCore.Service.Common.Tests", "test\TPPCore.Service.Common.Tests\TPPCore.Service.Common.Tests.csproj", "{75F69A94-EAD3-4692-9931-764CA8301065}"
EndProject
Project("{9A19103F-16F7-4668-BE54-9A1E7A4F7556}") = "TPPCore.Service.Chat", "src\TPPCore.Service.Chat\TPPCore.Service.Chat.csproj", "{B60DE566-D006-459A-A5AA-2A45CA9F51A4}"
EndProject
Project("{9A19103F-16F7-4668-BE54-9A1E7A4F7556}") = "TPPCore.Service.Chat.Tests", "test\TPPCore.Service.Chat.Tests\TPPCore.Service.Chat.Tests.csproj", "{CC02ED9C-205C-42FB-9521-9C8982E10AB2}"
EndProject
Project("{9A19103F-16F7-4668-BE54-9A1E7A4F7556}") = "TPPCore.Irc", "src\TPPCore.Irc\TPPCore.Irc.csproj", "{8941116F-BA90-425D-A6ED-0FDF18D55F5D}"
EndProject
Project("{9A19103F-16F7-4668-BE54-9A1E7A4F7556}") = "TPPCore.Irc.Tests", "test\TPPCore.Irc.Tests\TPPCore.Irc.Tests.csproj", "{C3569F41-2F93-40CD-B45C-D3EB64EC8F87}"
EndProject
Project("{9A19103F-16F7-4668-BE54-9A1E7A4F7556}") = "TPPCore.Service.ChatLogger", "src\TPPCore.Service.ChatLogger\TPPCore.Service.ChatLogger.csproj", "{2AA7FFBC-E354-417C-90A5-35F6E80AE5BE}"
EndProject
Project("{9A19103F-16F7-4668-BE54-9A1E7A4F7556}") = "TPPCore.Service.ChatLogger.Tests", "test\TPPCore.Service.ChatLogger.Tests\TPPCore.Service.ChatLogger.Tests.csproj", "{DDBF13A9-3802-47F1-BF8F-90935CA28511}"
EndProject
Project("{9A19103F-16F7-4668-BE54-9A1E7A4F7556}") = "TPPCore.ChatProviders", "src\TPPCore.ChatProviders\TPPCore.ChatProviders.csproj", "{8CD289F4-03FF-43DC-A443-763126182185}"
EndProject
Global
	GlobalSection(SolutionConfigurationPlatforms) = preSolution
		Debug|Any CPU = Debug|Any CPU
		Debug|x64 = Debug|x64
		Debug|x86 = Debug|x86
		Release|Any CPU = Release|Any CPU
		Release|x64 = Release|x64
		Release|x86 = Release|x86
	EndGlobalSection
	GlobalSection(ProjectConfigurationPlatforms) = postSolution
		{BE22B0FD-E88D-4790-899E-6BCF73EEB4D7}.Debug|Any CPU.ActiveCfg = Debug|Any CPU
		{BE22B0FD-E88D-4790-899E-6BCF73EEB4D7}.Debug|Any CPU.Build.0 = Debug|Any CPU
		{BE22B0FD-E88D-4790-899E-6BCF73EEB4D7}.Debug|x64.ActiveCfg = Debug|Any CPU
		{BE22B0FD-E88D-4790-899E-6BCF73EEB4D7}.Debug|x64.Build.0 = Debug|Any CPU
		{BE22B0FD-E88D-4790-899E-6BCF73EEB4D7}.Debug|x86.ActiveCfg = Debug|Any CPU
		{BE22B0FD-E88D-4790-899E-6BCF73EEB4D7}.Debug|x86.Build.0 = Debug|Any CPU
		{BE22B0FD-E88D-4790-899E-6BCF73EEB4D7}.Release|Any CPU.ActiveCfg = Release|Any CPU
		{BE22B0FD-E88D-4790-899E-6BCF73EEB4D7}.Release|Any CPU.Build.0 = Release|Any CPU
		{BE22B0FD-E88D-4790-899E-6BCF73EEB4D7}.Release|x64.ActiveCfg = Release|Any CPU
		{BE22B0FD-E88D-4790-899E-6BCF73EEB4D7}.Release|x64.Build.0 = Release|Any CPU
		{BE22B0FD-E88D-4790-899E-6BCF73EEB4D7}.Release|x86.ActiveCfg = Release|Any CPU
		{BE22B0FD-E88D-4790-899E-6BCF73EEB4D7}.Release|x86.Build.0 = Release|Any CPU
		{96682DBA-ACD9-49D7-9868-7BA22ADB85B8}.Debug|Any CPU.ActiveCfg = Debug|Any CPU
		{96682DBA-ACD9-49D7-9868-7BA22ADB85B8}.Debug|Any CPU.Build.0 = Debug|Any CPU
		{96682DBA-ACD9-49D7-9868-7BA22ADB85B8}.Debug|x64.ActiveCfg = Debug|Any CPU
		{96682DBA-ACD9-49D7-9868-7BA22ADB85B8}.Debug|x64.Build.0 = Debug|Any CPU
		{96682DBA-ACD9-49D7-9868-7BA22ADB85B8}.Debug|x86.ActiveCfg = Debug|Any CPU
		{96682DBA-ACD9-49D7-9868-7BA22ADB85B8}.Debug|x86.Build.0 = Debug|Any CPU
		{96682DBA-ACD9-49D7-9868-7BA22ADB85B8}.Release|Any CPU.ActiveCfg = Release|Any CPU
		{96682DBA-ACD9-49D7-9868-7BA22ADB85B8}.Release|Any CPU.Build.0 = Release|Any CPU
		{96682DBA-ACD9-49D7-9868-7BA22ADB85B8}.Release|x64.ActiveCfg = Release|Any CPU
		{96682DBA-ACD9-49D7-9868-7BA22ADB85B8}.Release|x64.Build.0 = Release|Any CPU
		{96682DBA-ACD9-49D7-9868-7BA22ADB85B8}.Release|x86.ActiveCfg = Release|Any CPU
		{96682DBA-ACD9-49D7-9868-7BA22ADB85B8}.Release|x86.Build.0 = Release|Any CPU
		{B680B261-7ECF-4276-B409-93AD0BEAD549}.Debug|Any CPU.ActiveCfg = Debug|Any CPU
		{B680B261-7ECF-4276-B409-93AD0BEAD549}.Debug|Any CPU.Build.0 = Debug|Any CPU
		{B680B261-7ECF-4276-B409-93AD0BEAD549}.Debug|x64.ActiveCfg = Debug|Any CPU
		{B680B261-7ECF-4276-B409-93AD0BEAD549}.Debug|x64.Build.0 = Debug|Any CPU
		{B680B261-7ECF-4276-B409-93AD0BEAD549}.Debug|x86.ActiveCfg = Debug|Any CPU
		{B680B261-7ECF-4276-B409-93AD0BEAD549}.Debug|x86.Build.0 = Debug|Any CPU
		{B680B261-7ECF-4276-B409-93AD0BEAD549}.Release|Any CPU.ActiveCfg = Release|Any CPU
		{B680B261-7ECF-4276-B409-93AD0BEAD549}.Release|Any CPU.Build.0 = Release|Any CPU
		{B680B261-7ECF-4276-B409-93AD0BEAD549}.Release|x64.ActiveCfg = Release|Any CPU
		{B680B261-7ECF-4276-B409-93AD0BEAD549}.Release|x64.Build.0 = Release|Any CPU
		{B680B261-7ECF-4276-B409-93AD0BEAD549}.Release|x86.ActiveCfg = Release|Any CPU
		{B680B261-7ECF-4276-B409-93AD0BEAD549}.Release|x86.Build.0 = Release|Any CPU
		{842A7037-99F7-4AEE-A125-FDC12902940F}.Debug|Any CPU.ActiveCfg = Debug|Any CPU
		{842A7037-99F7-4AEE-A125-FDC12902940F}.Debug|Any CPU.Build.0 = Debug|Any CPU
		{842A7037-99F7-4AEE-A125-FDC12902940F}.Debug|x64.ActiveCfg = Debug|Any CPU
		{842A7037-99F7-4AEE-A125-FDC12902940F}.Debug|x64.Build.0 = Debug|Any CPU
		{842A7037-99F7-4AEE-A125-FDC12902940F}.Debug|x86.ActiveCfg = Debug|Any CPU
		{842A7037-99F7-4AEE-A125-FDC12902940F}.Debug|x86.Build.0 = Debug|Any CPU
		{842A7037-99F7-4AEE-A125-FDC12902940F}.Release|Any CPU.ActiveCfg = Release|Any CPU
		{842A7037-99F7-4AEE-A125-FDC12902940F}.Release|Any CPU.Build.0 = Release|Any CPU
		{842A7037-99F7-4AEE-A125-FDC12902940F}.Release|x64.ActiveCfg = Release|Any CPU
		{842A7037-99F7-4AEE-A125-FDC12902940F}.Release|x64.Build.0 = Release|Any CPU
		{842A7037-99F7-4AEE-A125-FDC12902940F}.Release|x86.ActiveCfg = Release|Any CPU
		{842A7037-99F7-4AEE-A125-FDC12902940F}.Release|x86.Build.0 = Release|Any CPU
		{6D667B15-D404-451E-95E0-6DAE22B4C32F}.Debug|Any CPU.ActiveCfg = Debug|Any CPU
		{6D667B15-D404-451E-95E0-6DAE22B4C32F}.Debug|Any CPU.Build.0 = Debug|Any CPU
		{6D667B15-D404-451E-95E0-6DAE22B4C32F}.Debug|x64.ActiveCfg = Debug|Any CPU
		{6D667B15-D404-451E-95E0-6DAE22B4C32F}.Debug|x64.Build.0 = Debug|Any CPU
		{6D667B15-D404-451E-95E0-6DAE22B4C32F}.Debug|x86.ActiveCfg = Debug|Any CPU
		{6D667B15-D404-451E-95E0-6DAE22B4C32F}.Debug|x86.Build.0 = Debug|Any CPU
		{6D667B15-D404-451E-95E0-6DAE22B4C32F}.Release|Any CPU.ActiveCfg = Release|Any CPU
		{6D667B15-D404-451E-95E0-6DAE22B4C32F}.Release|Any CPU.Build.0 = Release|Any CPU
		{6D667B15-D404-451E-95E0-6DAE22B4C32F}.Release|x64.ActiveCfg = Release|Any CPU
		{6D667B15-D404-451E-95E0-6DAE22B4C32F}.Release|x64.Build.0 = Release|Any CPU
		{6D667B15-D404-451E-95E0-6DAE22B4C32F}.Release|x86.ActiveCfg = Release|Any CPU
		{6D667B15-D404-451E-95E0-6DAE22B4C32F}.Release|x86.Build.0 = Release|Any CPU
		{75F69A94-EAD3-4692-9931-764CA8301065}.Debug|Any CPU.ActiveCfg = Debug|Any CPU
		{75F69A94-EAD3-4692-9931-764CA8301065}.Debug|Any CPU.Build.0 = Debug|Any CPU
		{75F69A94-EAD3-4692-9931-764CA8301065}.Debug|x64.ActiveCfg = Debug|Any CPU
		{75F69A94-EAD3-4692-9931-764CA8301065}.Debug|x64.Build.0 = Debug|Any CPU
		{75F69A94-EAD3-4692-9931-764CA8301065}.Debug|x86.ActiveCfg = Debug|Any CPU
		{75F69A94-EAD3-4692-9931-764CA8301065}.Debug|x86.Build.0 = Debug|Any CPU
		{75F69A94-EAD3-4692-9931-764CA8301065}.Release|Any CPU.ActiveCfg = Release|Any CPU
		{75F69A94-EAD3-4692-9931-764CA8301065}.Release|Any CPU.Build.0 = Release|Any CPU
		{75F69A94-EAD3-4692-9931-764CA8301065}.Release|x64.ActiveCfg = Release|Any CPU
		{75F69A94-EAD3-4692-9931-764CA8301065}.Release|x64.Build.0 = Release|Any CPU
		{75F69A94-EAD3-4692-9931-764CA8301065}.Release|x86.ActiveCfg = Release|Any CPU
		{75F69A94-EAD3-4692-9931-764CA8301065}.Release|x86.Build.0 = Release|Any CPU
		{B60DE566-D006-459A-A5AA-2A45CA9F51A4}.Debug|Any CPU.ActiveCfg = Debug|Any CPU
		{B60DE566-D006-459A-A5AA-2A45CA9F51A4}.Debug|Any CPU.Build.0 = Debug|Any CPU
		{B60DE566-D006-459A-A5AA-2A45CA9F51A4}.Debug|x64.ActiveCfg = Debug|Any CPU
		{B60DE566-D006-459A-A5AA-2A45CA9F51A4}.Debug|x64.Build.0 = Debug|Any CPU
		{B60DE566-D006-459A-A5AA-2A45CA9F51A4}.Debug|x86.ActiveCfg = Debug|Any CPU
		{B60DE566-D006-459A-A5AA-2A45CA9F51A4}.Debug|x86.Build.0 = Debug|Any CPU
		{B60DE566-D006-459A-A5AA-2A45CA9F51A4}.Release|Any CPU.ActiveCfg = Release|Any CPU
		{B60DE566-D006-459A-A5AA-2A45CA9F51A4}.Release|Any CPU.Build.0 = Release|Any CPU
		{B60DE566-D006-459A-A5AA-2A45CA9F51A4}.Release|x64.ActiveCfg = Release|Any CPU
		{B60DE566-D006-459A-A5AA-2A45CA9F51A4}.Release|x64.Build.0 = Release|Any CPU
		{B60DE566-D006-459A-A5AA-2A45CA9F51A4}.Release|x86.ActiveCfg = Release|Any CPU
		{B60DE566-D006-459A-A5AA-2A45CA9F51A4}.Release|x86.Build.0 = Release|Any CPU
		{CC02ED9C-205C-42FB-9521-9C8982E10AB2}.Debug|Any CPU.ActiveCfg = Debug|Any CPU
		{CC02ED9C-205C-42FB-9521-9C8982E10AB2}.Debug|Any CPU.Build.0 = Debug|Any CPU
		{CC02ED9C-205C-42FB-9521-9C8982E10AB2}.Debug|x64.ActiveCfg = Debug|Any CPU
		{CC02ED9C-205C-42FB-9521-9C8982E10AB2}.Debug|x64.Build.0 = Debug|Any CPU
		{CC02ED9C-205C-42FB-9521-9C8982E10AB2}.Debug|x86.ActiveCfg = Debug|Any CPU
		{CC02ED9C-205C-42FB-9521-9C8982E10AB2}.Debug|x86.Build.0 = Debug|Any CPU
		{CC02ED9C-205C-42FB-9521-9C8982E10AB2}.Release|Any CPU.ActiveCfg = Release|Any CPU
		{CC02ED9C-205C-42FB-9521-9C8982E10AB2}.Release|Any CPU.Build.0 = Release|Any CPU
		{CC02ED9C-205C-42FB-9521-9C8982E10AB2}.Release|x64.ActiveCfg = Release|Any CPU
		{CC02ED9C-205C-42FB-9521-9C8982E10AB2}.Release|x64.Build.0 = Release|Any CPU
		{CC02ED9C-205C-42FB-9521-9C8982E10AB2}.Release|x86.ActiveCfg = Release|Any CPU
		{CC02ED9C-205C-42FB-9521-9C8982E10AB2}.Release|x86.Build.0 = Release|Any CPU
		{8941116F-BA90-425D-A6ED-0FDF18D55F5D}.Debug|Any CPU.ActiveCfg = Debug|Any CPU
		{8941116F-BA90-425D-A6ED-0FDF18D55F5D}.Debug|Any CPU.Build.0 = Debug|Any CPU
		{8941116F-BA90-425D-A6ED-0FDF18D55F5D}.Debug|x64.ActiveCfg = Debug|Any CPU
		{8941116F-BA90-425D-A6ED-0FDF18D55F5D}.Debug|x64.Build.0 = Debug|Any CPU
		{8941116F-BA90-425D-A6ED-0FDF18D55F5D}.Debug|x86.ActiveCfg = Debug|Any CPU
		{8941116F-BA90-425D-A6ED-0FDF18D55F5D}.Debug|x86.Build.0 = Debug|Any CPU
		{8941116F-BA90-425D-A6ED-0FDF18D55F5D}.Release|Any CPU.ActiveCfg = Release|Any CPU
		{8941116F-BA90-425D-A6ED-0FDF18D55F5D}.Release|Any CPU.Build.0 = Release|Any CPU
		{8941116F-BA90-425D-A6ED-0FDF18D55F5D}.Release|x64.ActiveCfg = Release|Any CPU
		{8941116F-BA90-425D-A6ED-0FDF18D55F5D}.Release|x64.Build.0 = Release|Any CPU
		{8941116F-BA90-425D-A6ED-0FDF18D55F5D}.Release|x86.ActiveCfg = Release|Any CPU
		{8941116F-BA90-425D-A6ED-0FDF18D55F5D}.Release|x86.Build.0 = Release|Any CPU
		{C3569F41-2F93-40CD-B45C-D3EB64EC8F87}.Debug|Any CPU.ActiveCfg = Debug|Any CPU
		{C3569F41-2F93-40CD-B45C-D3EB64EC8F87}.Debug|Any CPU.Build.0 = Debug|Any CPU
		{C3569F41-2F93-40CD-B45C-D3EB64EC8F87}.Debug|x64.ActiveCfg = Debug|Any CPU
		{C3569F41-2F93-40CD-B45C-D3EB64EC8F87}.Debug|x64.Build.0 = Debug|Any CPU
		{C3569F41-2F93-40CD-B45C-D3EB64EC8F87}.Debug|x86.ActiveCfg = Debug|Any CPU
		{C3569F41-2F93-40CD-B45C-D3EB64EC8F87}.Debug|x86.Build.0 = Debug|Any CPU
		{C3569F41-2F93-40CD-B45C-D3EB64EC8F87}.Release|Any CPU.ActiveCfg = Release|Any CPU
		{C3569F41-2F93-40CD-B45C-D3EB64EC8F87}.Release|Any CPU.Build.0 = Release|Any CPU
		{C3569F41-2F93-40CD-B45C-D3EB64EC8F87}.Release|x64.ActiveCfg = Release|Any CPU
		{C3569F41-2F93-40CD-B45C-D3EB64EC8F87}.Release|x64.Build.0 = Release|Any CPU
		{C3569F41-2F93-40CD-B45C-D3EB64EC8F87}.Release|x86.ActiveCfg = Release|Any CPU
		{C3569F41-2F93-40CD-B45C-D3EB64EC8F87}.Release|x86.Build.0 = Release|Any CPU
		{2AA7FFBC-E354-417C-90A5-35F6E80AE5BE}.Debug|Any CPU.ActiveCfg = Debug|Any CPU
		{2AA7FFBC-E354-417C-90A5-35F6E80AE5BE}.Debug|Any CPU.Build.0 = Debug|Any CPU
		{2AA7FFBC-E354-417C-90A5-35F6E80AE5BE}.Debug|x64.ActiveCfg = Debug|Any CPU
		{2AA7FFBC-E354-417C-90A5-35F6E80AE5BE}.Debug|x64.Build.0 = Debug|Any CPU
		{2AA7FFBC-E354-417C-90A5-35F6E80AE5BE}.Debug|x86.ActiveCfg = Debug|Any CPU
		{2AA7FFBC-E354-417C-90A5-35F6E80AE5BE}.Debug|x86.Build.0 = Debug|Any CPU
		{2AA7FFBC-E354-417C-90A5-35F6E80AE5BE}.Release|Any CPU.ActiveCfg = Release|Any CPU
		{2AA7FFBC-E354-417C-90A5-35F6E80AE5BE}.Release|Any CPU.Build.0 = Release|Any CPU
		{2AA7FFBC-E354-417C-90A5-35F6E80AE5BE}.Release|x64.ActiveCfg = Release|Any CPU
		{2AA7FFBC-E354-417C-90A5-35F6E80AE5BE}.Release|x64.Build.0 = Release|Any CPU
		{2AA7FFBC-E354-417C-90A5-35F6E80AE5BE}.Release|x86.ActiveCfg = Release|Any CPU
		{2AA7FFBC-E354-417C-90A5-35F6E80AE5BE}.Release|x86.Build.0 = Release|Any CPU
		{DDBF13A9-3802-47F1-BF8F-90935CA28511}.Debug|Any CPU.ActiveCfg = Debug|Any CPU
		{DDBF13A9-3802-47F1-BF8F-90935CA28511}.Debug|Any CPU.Build.0 = Debug|Any CPU
		{DDBF13A9-3802-47F1-BF8F-90935CA28511}.Debug|x64.ActiveCfg = Debug|Any CPU
		{DDBF13A9-3802-47F1-BF8F-90935CA28511}.Debug|x64.Build.0 = Debug|Any CPU
		{DDBF13A9-3802-47F1-BF8F-90935CA28511}.Debug|x86.ActiveCfg = Debug|Any CPU
		{DDBF13A9-3802-47F1-BF8F-90935CA28511}.Debug|x86.Build.0 = Debug|Any CPU
		{DDBF13A9-3802-47F1-BF8F-90935CA28511}.Release|Any CPU.ActiveCfg = Release|Any CPU
		{DDBF13A9-3802-47F1-BF8F-90935CA28511}.Release|Any CPU.Build.0 = Release|Any CPU
		{DDBF13A9-3802-47F1-BF8F-90935CA28511}.Release|x64.ActiveCfg = Release|Any CPU
		{DDBF13A9-3802-47F1-BF8F-90935CA28511}.Release|x64.Build.0 = Release|Any CPU
		{DDBF13A9-3802-47F1-BF8F-90935CA28511}.Release|x86.ActiveCfg = Release|Any CPU
		{DDBF13A9-3802-47F1-BF8F-90935CA28511}.Release|x86.Build.0 = Release|Any CPU
		{8CD289F4-03FF-43DC-A443-763126182185}.Debug|Any CPU.ActiveCfg = Debug|Any CPU
		{8CD289F4-03FF-43DC-A443-763126182185}.Debug|Any CPU.Build.0 = Debug|Any CPU
		{8CD289F4-03FF-43DC-A443-763126182185}.Debug|x64.ActiveCfg = Debug|Any CPU
		{8CD289F4-03FF-43DC-A443-763126182185}.Debug|x64.Build.0 = Debug|Any CPU
		{8CD289F4-03FF-43DC-A443-763126182185}.Debug|x86.ActiveCfg = Debug|Any CPU
		{8CD289F4-03FF-43DC-A443-763126182185}.Debug|x86.Build.0 = Debug|Any CPU
		{8CD289F4-03FF-43DC-A443-763126182185}.Release|Any CPU.ActiveCfg = Release|Any CPU
		{8CD289F4-03FF-43DC-A443-763126182185}.Release|Any CPU.Build.0 = Release|Any CPU
		{8CD289F4-03FF-43DC-A443-763126182185}.Release|x64.ActiveCfg = Release|Any CPU
		{8CD289F4-03FF-43DC-A443-763126182185}.Release|x64.Build.0 = Release|Any CPU
		{8CD289F4-03FF-43DC-A443-763126182185}.Release|x86.ActiveCfg = Release|Any CPU
		{8CD289F4-03FF-43DC-A443-763126182185}.Release|x86.Build.0 = Release|Any CPU
	EndGlobalSection
	GlobalSection(SolutionProperties) = preSolution
		HideSolutionNode = FALSE
	EndGlobalSection
	GlobalSection(NestedProjects) = preSolution
		{BE22B0FD-E88D-4790-899E-6BCF73EEB4D7} = {D8024CEB-AA9A-43AA-A221-F7A4C26C17DA}
		{96682DBA-ACD9-49D7-9868-7BA22ADB85B8} = {D8024CEB-AA9A-43AA-A221-F7A4C26C17DA}
		{B680B261-7ECF-4276-B409-93AD0BEAD549} = {EE3DFBF9-43CF-419C-BC9F-C36364FC1C73}
		{842A7037-99F7-4AEE-A125-FDC12902940F} = {D8024CEB-AA9A-43AA-A221-F7A4C26C17DA}
		{6D667B15-D404-451E-95E0-6DAE22B4C32F} = {EE3DFBF9-43CF-419C-BC9F-C36364FC1C73}
		{75F69A94-EAD3-4692-9931-764CA8301065} = {EE3DFBF9-43CF-419C-BC9F-C36364FC1C73}
		{B60DE566-D006-459A-A5AA-2A45CA9F51A4} = {D8024CEB-AA9A-43AA-A221-F7A4C26C17DA}
		{CC02ED9C-205C-42FB-9521-9C8982E10AB2} = {EE3DFBF9-43CF-419C-BC9F-C36364FC1C73}
		{8941116F-BA90-425D-A6ED-0FDF18D55F5D} = {D8024CEB-AA9A-43AA-A221-F7A4C26C17DA}
		{C3569F41-2F93-40CD-B45C-D3EB64EC8F87} = {EE3DFBF9-43CF-419C-BC9F-C36364FC1C73}
		{2AA7FFBC-E354-417C-90A5-35F6E80AE5BE} = {D8024CEB-AA9A-43AA-A221-F7A4C26C17DA}
		{DDBF13A9-3802-47F1-BF8F-90935CA28511} = {EE3DFBF9-43CF-419C-BC9F-C36364FC1C73}
		{8CD289F4-03FF-43DC-A443-763126182185} = {D8024CEB-AA9A-43AA-A221-F7A4C26C17DA}
	EndGlobalSection
	GlobalSection(ExtensibilityGlobals) = postSolution
		SolutionGuid = {DB177054-A584-4B2A-BA72-D3195C6BF3B5}
	EndGlobalSection
EndGlobal
