
Microsoft Visual Studio Solution File, Format Version 12.00
# Visual Studio 15
VisualStudioVersion = 15.0.26730.8
MinimumVisualStudioVersion = 10.0.40219.1
Project("{9A19103F-16F7-4668-BE54-9A1E7A4F7556}") = "TPPCommon", "TPPCommon\TPPCommon.csproj", "{5A22D74D-F627-4167-8C9C-DC947AF846DF}"
EndProject
Project("{9A19103F-16F7-4668-BE54-9A1E7A4F7556}") = "TPPCommonTest", "TPPCommonTest\TPPCommonTest.csproj", "{EE8F97DE-DC32-46C6-8680-03A91389B41F}"
EndProject
Project("{9A19103F-16F7-4668-BE54-9A1E7A4F7556}") = "TestPersistence", "TestPersistence\TestPersistence.csproj", "{9F0D2A34-E767-43D5-B918-A4D26A18BFE7}"
EndProject
Global
	GlobalSection(SolutionConfigurationPlatforms) = preSolution
		Debug|Any CPU = Debug|Any CPU
		Release|Any CPU = Release|Any CPU
	EndGlobalSection
	GlobalSection(ProjectConfigurationPlatforms) = postSolution
		{5A22D74D-F627-4167-8C9C-DC947AF846DF}.Debug|Any CPU.ActiveCfg = Debug|Any CPU
		{5A22D74D-F627-4167-8C9C-DC947AF846DF}.Debug|Any CPU.Build.0 = Debug|Any CPU
		{5A22D74D-F627-4167-8C9C-DC947AF846DF}.Release|Any CPU.ActiveCfg = Release|Any CPU
		{5A22D74D-F627-4167-8C9C-DC947AF846DF}.Release|Any CPU.Build.0 = Release|Any CPU
		{EE8F97DE-DC32-46C6-8680-03A91389B41F}.Debug|Any CPU.ActiveCfg = Debug|Any CPU
		{EE8F97DE-DC32-46C6-8680-03A91389B41F}.Debug|Any CPU.Build.0 = Debug|Any CPU
		{EE8F97DE-DC32-46C6-8680-03A91389B41F}.Release|Any CPU.ActiveCfg = Release|Any CPU
		{EE8F97DE-DC32-46C6-8680-03A91389B41F}.Release|Any CPU.Build.0 = Release|Any CPU
		{9F0D2A34-E767-43D5-B918-A4D26A18BFE7}.Debug|Any CPU.ActiveCfg = Debug|Any CPU
		{9F0D2A34-E767-43D5-B918-A4D26A18BFE7}.Debug|Any CPU.Build.0 = Debug|Any CPU
		{9F0D2A34-E767-43D5-B918-A4D26A18BFE7}.Release|Any CPU.ActiveCfg = Release|Any CPU
		{9F0D2A34-E767-43D5-B918-A4D26A18BFE7}.Release|Any CPU.Build.0 = Release|Any CPU
	EndGlobalSection
	GlobalSection(SolutionProperties) = preSolution
		HideSolutionNode = FALSE
	EndGlobalSection
	GlobalSection(ExtensibilityGlobals) = postSolution
		SolutionGuid = {DB177054-A584-4B2A-BA72-D3195C6BF3B5}
	EndGlobalSection
EndGlobal
