
Microsoft Visual Studio Solution File, Format Version 12.00
# Visual Studio 15
VisualStudioVersion = 15.0.26730.8
MinimumVisualStudioVersion = 10.0.40219.1
Project("{2150E333-8FDC-42A3-9474-1A3956D46DE8}") = "src", "src", "{D8024CEB-AA9A-43AA-A221-F7A4C26C17DA}"
EndProject
Project("{FAE04EC0-301F-11D3-BF4B-00C04F79EFBC}") = "TPPCore.Service.Common", "src\TPPCore.Service.Common\TPPCore.Service.Common.csproj", "{BE22B0FD-E88D-4790-899E-6BCF73EEB4D7}"
EndProject
Project("{FAE04EC0-301F-11D3-BF4B-00C04F79EFBC}") = "TPPCore.Service.Example.ParrotService", "src\TPPCore.Service.Example.ParrotService\TPPCore.Service.Example.ParrotService.csproj", "{F333CEAF-40F3-4997-8998-C36796C29963}"
EndProject
Project("{2150E333-8FDC-42A3-9474-1A3956D46DE8}") = "test", "test", "{7BD8DB89-F61A-4C38-9CDF-4A3C20A58777}"
EndProject
Project("{FAE04EC0-301F-11D3-BF4B-00C04F79EFBC}") = "TPPCore.Service.Example.ParrotService.Tests", "test\TPPCore.Service.Example.ParrotService.Tests\TPPCore.Service.Example.ParrotService.Tests.csproj", "{CEBDEEA5-E843-4325-A0FD-4A95DA767CFE}"
EndProject
Global
	GlobalSection(SolutionProperties) = preSolution
		HideSolutionNode = FALSE
	EndGlobalSection
	GlobalSection(ExtensibilityGlobals) = postSolution
		SolutionGuid = {DB177054-A584-4B2A-BA72-D3195C6BF3B5}
	EndGlobalSection
	GlobalSection(NestedProjects) = preSolution
		{BE22B0FD-E88D-4790-899E-6BCF73EEB4D7} = {D8024CEB-AA9A-43AA-A221-F7A4C26C17DA}
		{F333CEAF-40F3-4997-8998-C36796C29963} = {D8024CEB-AA9A-43AA-A221-F7A4C26C17DA}
		{CEBDEEA5-E843-4325-A0FD-4A95DA767CFE} = {7BD8DB89-F61A-4C38-9CDF-4A3C20A58777}
	EndGlobalSection
	GlobalSection(SolutionConfigurationPlatforms) = preSolution
		Debug|Any CPU = Debug|Any CPU
		Debug|x64 = Debug|x64
		Debug|x86 = Debug|x86
		Release|Any CPU = Release|Any CPU
		Release|x64 = Release|x64
		Release|x86 = Release|x86
	EndGlobalSection
	GlobalSection(ProjectConfigurationPlatforms) = postSolution
		{BE22B0FD-E88D-4790-899E-6BCF73EEB4D7}.Debug|Any CPU.ActiveCfg = Debug|Any CPU
		{BE22B0FD-E88D-4790-899E-6BCF73EEB4D7}.Debug|Any CPU.Build.0 = Debug|Any CPU
		{BE22B0FD-E88D-4790-899E-6BCF73EEB4D7}.Debug|x64.ActiveCfg = Debug|x64
		{BE22B0FD-E88D-4790-899E-6BCF73EEB4D7}.Debug|x64.Build.0 = Debug|x64
		{BE22B0FD-E88D-4790-899E-6BCF73EEB4D7}.Debug|x86.ActiveCfg = Debug|x86
		{BE22B0FD-E88D-4790-899E-6BCF73EEB4D7}.Debug|x86.Build.0 = Debug|x86
		{BE22B0FD-E88D-4790-899E-6BCF73EEB4D7}.Release|Any CPU.ActiveCfg = Release|Any CPU
		{BE22B0FD-E88D-4790-899E-6BCF73EEB4D7}.Release|Any CPU.Build.0 = Release|Any CPU
		{BE22B0FD-E88D-4790-899E-6BCF73EEB4D7}.Release|x64.ActiveCfg = Release|x64
		{BE22B0FD-E88D-4790-899E-6BCF73EEB4D7}.Release|x64.Build.0 = Release|x64
		{BE22B0FD-E88D-4790-899E-6BCF73EEB4D7}.Release|x86.ActiveCfg = Release|x86
		{BE22B0FD-E88D-4790-899E-6BCF73EEB4D7}.Release|x86.Build.0 = Release|x86
		{F333CEAF-40F3-4997-8998-C36796C29963}.Debug|Any CPU.ActiveCfg = Debug|Any CPU
		{F333CEAF-40F3-4997-8998-C36796C29963}.Debug|Any CPU.Build.0 = Debug|Any CPU
		{F333CEAF-40F3-4997-8998-C36796C29963}.Debug|x64.ActiveCfg = Debug|x64
		{F333CEAF-40F3-4997-8998-C36796C29963}.Debug|x64.Build.0 = Debug|x64
		{F333CEAF-40F3-4997-8998-C36796C29963}.Debug|x86.ActiveCfg = Debug|x86
		{F333CEAF-40F3-4997-8998-C36796C29963}.Debug|x86.Build.0 = Debug|x86
		{F333CEAF-40F3-4997-8998-C36796C29963}.Release|Any CPU.ActiveCfg = Release|Any CPU
		{F333CEAF-40F3-4997-8998-C36796C29963}.Release|Any CPU.Build.0 = Release|Any CPU
		{F333CEAF-40F3-4997-8998-C36796C29963}.Release|x64.ActiveCfg = Release|x64
		{F333CEAF-40F3-4997-8998-C36796C29963}.Release|x64.Build.0 = Release|x64
		{F333CEAF-40F3-4997-8998-C36796C29963}.Release|x86.ActiveCfg = Release|x86
		{F333CEAF-40F3-4997-8998-C36796C29963}.Release|x86.Build.0 = Release|x86
		{CEBDEEA5-E843-4325-A0FD-4A95DA767CFE}.Debug|Any CPU.ActiveCfg = Debug|Any CPU
		{CEBDEEA5-E843-4325-A0FD-4A95DA767CFE}.Debug|Any CPU.Build.0 = Debug|Any CPU
		{CEBDEEA5-E843-4325-A0FD-4A95DA767CFE}.Debug|x64.ActiveCfg = Debug|x64
		{CEBDEEA5-E843-4325-A0FD-4A95DA767CFE}.Debug|x64.Build.0 = Debug|x64
		{CEBDEEA5-E843-4325-A0FD-4A95DA767CFE}.Debug|x86.ActiveCfg = Debug|x86
		{CEBDEEA5-E843-4325-A0FD-4A95DA767CFE}.Debug|x86.Build.0 = Debug|x86
		{CEBDEEA5-E843-4325-A0FD-4A95DA767CFE}.Release|Any CPU.ActiveCfg = Release|Any CPU
		{CEBDEEA5-E843-4325-A0FD-4A95DA767CFE}.Release|Any CPU.Build.0 = Release|Any CPU
		{CEBDEEA5-E843-4325-A0FD-4A95DA767CFE}.Release|x64.ActiveCfg = Release|x64
		{CEBDEEA5-E843-4325-A0FD-4A95DA767CFE}.Release|x64.Build.0 = Release|x64
		{CEBDEEA5-E843-4325-A0FD-4A95DA767CFE}.Release|x86.ActiveCfg = Release|x86
		{CEBDEEA5-E843-4325-A0FD-4A95DA767CFE}.Release|x86.Build.0 = Release|x86
	EndGlobalSection
EndGlobal
